
Microsoft Visual Studio Solution File, Format Version 12.00
# Visual Studio Version 16
VisualStudioVersion = 16.0.30523.141
MinimumVisualStudioVersion = 10.0.40219.1
Project("{FAE04EC0-301F-11D3-BF4B-00C04F79EFBC}") = "kolok1", "kolok1.csproj", "{14328244-A387-4DA5-A931-0FAAD41F2E69}"
EndProject
Global
	GlobalSection(SolutionConfigurationPlatforms) = preSolution
		Debug|Any CPU = Debug|Any CPU
		Release|Any CPU = Release|Any CPU
	EndGlobalSection
	GlobalSection(ProjectConfigurationPlatforms) = postSolution
		{14328244-A387-4DA5-A931-0FAAD41F2E69}.Debug|Any CPU.ActiveCfg = Debug|Any CPU
		{14328244-A387-4DA5-A931-0FAAD41F2E69}.Debug|Any CPU.Build.0 = Debug|Any CPU
		{14328244-A387-4DA5-A931-0FAAD41F2E69}.Release|Any CPU.ActiveCfg = Release|Any CPU
		{14328244-A387-4DA5-A931-0FAAD41F2E69}.Release|Any CPU.Build.0 = Release|Any CPU
	EndGlobalSection
	GlobalSection(SolutionProperties) = preSolution
		HideSolutionNode = FALSE
	EndGlobalSection
	GlobalSection(ExtensibilityGlobals) = postSolution
		SolutionGuid = {9A80E3B5-3B01-497F-938C-E435AEE92950}
	EndGlobalSection
EndGlobal
